# This file is generated by running "yarn install" inside your project.
# Manual changes might be lost - proceed with caution!

__metadata:
  version: 4
  cacheKey: 7

"aws-sdk@npm:^2.538.0":
  version: 2.568.0
  resolution: "aws-sdk@npm:2.568.0"
  dependencies:
    buffer: ^4.9.1
    events: ^1.1.1
    ieee754: ^1.1.13
    jmespath: ^0.15.0
    querystring: ^0.2.0
    sax: ^1.2.1
    url: ^0.10.3
    uuid: ^3.3.2
    xml2js: ^0.4.19
  checksum: 5508502f8bd73b482bd99432a842280c43d5a03b66de67774eef0018e3339ad1d3693fa9a97002531445d471a31c9b9f69a44ddf0ad6284a11cf87fe9d6f47ee
  languageName: node
  linkType: hard

"base64-js@npm:^1.0.2":
  version: 1.3.1
  resolution: "base64-js@npm:1.3.1"
  checksum: 8a0cc69d7c7c0ab75c164d3e2eccc3dd65fbaba17bcf440aab54636afd31255287ac3cd16a111e98d741c4a6e0b5631774b0c32818355089e645df3ae96a49bb
  languageName: node
  linkType: hard

"buffer@npm:^4.9.1":
  version: 4.9.2
  resolution: "buffer@npm:4.9.2"
  dependencies:
    base64-js: ^1.0.2
    ieee754: ^1.1.4
    isarray: ^1.0.0
  checksum: e29ecda22aa854008e26a8df294be1e5339a3bec8cbf537a794fecf63a024da68165743bc9afb1524909c74d8b03392e93a9c8fa5c2b064b1b2a52d4680c204e
  languageName: node
  linkType: hard

"define-properties@npm:^1.1.2, define-properties@npm:^1.1.3":
  version: 1.1.3
  resolution: "define-properties@npm:1.1.3"
  dependencies:
    object-keys: ^1.0.12
  checksum: b69c48c1b1dacb61f0b1cea367707c3bb214e3c47818aff18e6f20a7f88cbfa33d4cbdfd9ff79e56faba95ddca3d78ff10fbf2f02ecfad6f3e13b256e76b1212
  languageName: node
  linkType: hard

"es-abstract@npm:^1.5.1":
  version: 1.16.0
  resolution: "es-abstract@npm:1.16.0"
  dependencies:
    es-to-primitive: ^1.2.0
    function-bind: ^1.1.1
    has: ^1.0.3
    has-symbols: ^1.0.0
    is-callable: ^1.1.4
    is-regex: ^1.0.4
    object-inspect: ^1.6.0
    object-keys: ^1.1.1
    string.prototype.trimleft: ^2.1.0
    string.prototype.trimright: ^2.1.0
  checksum: 3aa26c80a4e087f434a4200699e2dbcf430ec03f665b1114416129070e628852d99f12f48ae93b0dc7ff458bbc58815d53b952427646f7ca28b10ed0b806778d
  languageName: node
  linkType: hard

"es-to-primitive@npm:^1.2.0":
  version: 1.2.0
  resolution: "es-to-primitive@npm:1.2.0"
  dependencies:
    is-callable: ^1.1.4
    is-date-object: ^1.0.1
    is-symbol: ^1.0.2
  checksum: 9298f4a7c9b950f9a80cd0316d73ab433fe88a0f464b25a0b5ea96bc7c99cfee11c50d304105cd05a132af67a2f3b62e5d9d5f0d1471dbd32ff308f5b17de098
  languageName: node
  linkType: hard

"events@npm:^1.1.1":
  version: 1.1.1
  resolution: "events@npm:1.1.1"
  checksum: ec57b605851d6c4421fb2b0c86af432e87dd94b8b8cd936d74383a19e66a0d7e4af27f6a946ad49dad7e9c66000f3b16ef33e38ec12e31dc69d1b36321bc00ce
  languageName: node
  linkType: hard

"function-bind@npm:^1.1.1":
  version: 1.1.1
  resolution: "function-bind@npm:1.1.1"
  checksum: ffad86e7d2010ba179aaa6a3987d2cc0ed48fa92d27f1ed84bfa06d14f77deeed5bfbae7f00bdebc0c54218392cab2b18ecc080e2c72f592431927b87a27d42b
  languageName: node
  linkType: hard

"has-symbols@npm:^1.0.0":
  version: 1.0.0
  resolution: "has-symbols@npm:1.0.0"
  checksum: a3b308cfc84d17fb9b04d4d455803ea1944815199c729882211ea500867f9abfcf8fa751f0d941c950d3e572216b35673c2cbab3bda024db7ea79cac72ca8ffa
  languageName: node
  linkType: hard

"has@npm:^1.0.1, has@npm:^1.0.3":
  version: 1.0.3
  resolution: "has@npm:1.0.3"
  dependencies:
    function-bind: ^1.1.1
  checksum: c686e15300d41364486c099a9259d9c418022c294244843dcd712c4c286ff839d4f23a25413baa28c4d2c1e828afc2aaab70f685400b391533980223c71fa1ca
  languageName: node
  linkType: hard

"hoist1@1.0.0, hoist1@workspace:packages/hoist1":
  version: 0.0.0-use.local
  resolution: "hoist1@workspace:packages/hoist1"
  dependencies:
    aws-sdk: ^2.538.0
    hoist2: 1.0.0
  languageName: unknown
  linkType: soft

"hoist2@1.0.0, hoist2@workspace:packages/hoist2":
  version: 0.0.0-use.local
  resolution: "hoist2@workspace:packages/hoist2"
  languageName: unknown
  linkType: soft

"ieee754@npm:^1.1.13, ieee754@npm:^1.1.4":
  version: 1.1.13
  resolution: "ieee754@npm:1.1.13"
  checksum: 9ef12932e8aeae1c614f314783b3770fac5daae7ae92ebffcda97da58efd77c0289181093666f6048e02c566ceeec4d0edf3b04b57ce8e0b57e9b3814a870469
  languageName: node
  linkType: hard

"is-callable@npm:^1.1.4":
  version: 1.1.4
  resolution: "is-callable@npm:1.1.4"
  checksum: 4bd15e69bf75202a5aea0fa2085bea85156681b1477de4d0f83b15f56a7d2c5d2924506f602bbaa38c61eb3df6b068aca402608cf086655a2d074da459142d8b
  languageName: node
  linkType: hard

"is-date-object@npm:^1.0.1":
  version: 1.0.1
  resolution: "is-date-object@npm:1.0.1"
  checksum: 37565cd56105fa2ce2816a04f50c3518efc886a2d712e50f47d86dcf9877f6bf6aa2d6953310399afe98ae79051a5b187e172783e6db264fac6e1c6636d1f4d9
  languageName: node
  linkType: hard

"is-regex@npm:^1.0.4":
  version: 1.0.4
  resolution: "is-regex@npm:1.0.4"
  dependencies:
    has: ^1.0.1
  checksum: a38cc3d91b80a60fc8984d13972ce99487575febe28c67b8aa8c76d0d00717ff44d266d33153a6a6d33f0da17d8f0cb757c8bd0acc3354911be712849dfee13c
  languageName: node
  linkType: hard

"is-symbol@npm:^1.0.2":
  version: 1.0.2
  resolution: "is-symbol@npm:1.0.2"
  dependencies:
    has-symbols: ^1.0.0
  checksum: 2d59e9d967f764ddf64edf1b668b1ace0e2cb903428c9594b9e40d5f9540a92541f9c9e880d257c2df3e5fa42a86cb478c2d7c968bc12ab0480e0729e92e5f19
  languageName: node
  linkType: hard

"isarray@npm:^1.0.0":
  version: 1.0.0
  resolution: "isarray@npm:1.0.0"
  checksum: b0ff31a290e783f7b3fb73f2951ee7fc2946dc197b05f73577dc77f87dc3be2e0f66007bedf069123d4e5c4b691e7c89a241f6ca06f0c0f4765cdac5aa4b4047
  languageName: node
  linkType: hard

"jmespath@npm:^0.15.0":
  version: 0.15.0
  resolution: "jmespath@npm:0.15.0"
  checksum: b3edb0b9773571d72dc1aa2d5590fa0f82419a0a04d5a0d09aee93219f41d046ea9cf3c36931fc48d9430348ca575530beab5968923544136cc8ddcd49ff7a47
  languageName: node
  linkType: hard

"nohoist@workspace:packages/nohoist":
  version: 0.0.0-use.local
  resolution: "nohoist@workspace:packages/nohoist"
  dependencies:
    aws-sdk: ^2.538.0
    hoist1: 1.0.0
    hoist2: 1.0.0
  languageName: unknown
  linkType: soft

"object-inspect@npm:^1.6.0":
  version: 1.6.0
  resolution: "object-inspect@npm:1.6.0"
  checksum: f9d36f8955ee63bcda700cb46cbc4615192b1280cee56dbeea34bc7f90e94b0871578f4fac977e99a10f8d7ea29f37bb501c389af30ee5321c604d8bc1b31126
  languageName: node
  linkType: hard

"object-keys@npm:^1.0.12, object-keys@npm:^1.1.1":
  version: 1.1.1
  resolution: "object-keys@npm:1.1.1"
  checksum: 30d72d768b7f3f42144cee517b80e70c40cf39bb76f100557ffac42779613c591780135c54d8133894a78d2c0ae817e24a5891484722c6019a5cd5b58c745c66
  languageName: node
  linkType: hard

"object.getownpropertydescriptors@npm:^2.0.3":
  version: 2.0.3
  resolution: "object.getownpropertydescriptors@npm:2.0.3"
  dependencies:
    define-properties: ^1.1.2
    es-abstract: ^1.5.1
  checksum: aceab22c5f3890a44757053bd655ca4c10e28929ce55407c07c2c7b7e88225b75ecebdcc7f98c1b2c0e05ebe6a8903395b89d84233a9717d9684d9b6925fdfab
  languageName: node
  linkType: hard

"punycode@npm:1.3.2":
  version: 1.3.2
  resolution: "punycode@npm:1.3.2"
  checksum: e67fddacd83b918ca2f4a47b1fd13858108779cdc2a3f2db3233ff82a25f9305d46e1d9891f7b9ad21ed36454adfc675d4559621fcffed2cf2067abd04e121cd
  languageName: node
  linkType: hard

"querystring@npm:0.2.0, querystring@npm:^0.2.0":
  version: 0.2.0
  resolution: "querystring@npm:0.2.0"
  checksum: 1e76c51462f0ffb148e0b2fdeb811f61377800298605229d32efcdaaaf0a8fd4314a4b4405e1fbf130a5ca421c0e51f926fab5bb9f8b9b3b8c394f4e2d33d3d1
  languageName: node
  linkType: hard

"sax@npm:>=0.6.0, sax@npm:^1.2.1":
  version: 1.2.4
  resolution: "sax@npm:1.2.4"
  checksum: 9d7668d69105e89e2c1a4b2fdc12c72e1a2f78b825f7b4a8a2ea5cdfebf70920bd17715bed55264c3b3959616a0695f8ad2d098bf6944fbd0953ee9c695dceef
  languageName: node
  linkType: hard

"string.prototype.trimleft@npm:^2.1.0":
  version: 2.1.0
  resolution: "string.prototype.trimleft@npm:2.1.0"
  dependencies:
    define-properties: ^1.1.3
    function-bind: ^1.1.1
  checksum: d99b87df9c6b1c945a0ee3aaf513f6bcb8eeab2bff838422ae39713f9ea2fc2e306fafc92c5befe0f01b080acb795ca3f522262572c3915a76094d8ef28a8680
  languageName: node
  linkType: hard

"string.prototype.trimright@npm:^2.1.0":
  version: 2.1.0
  resolution: "string.prototype.trimright@npm:2.1.0"
  dependencies:
    define-properties: ^1.1.3
    function-bind: ^1.1.1
  checksum: c79f1a54fcc4da511bb30f90b80b290ac3f258e18e09fb4dea71bb744101a05c73b724cf8f0ffe1af3d5511c2f091635ebb023d27d98bbfa732d563a6f2ae252
  languageName: node
  linkType: hard

"url@npm:^0.10.3":
  version: 0.10.3
  resolution: "url@npm:0.10.3"
  dependencies:
    punycode: 1.3.2
    querystring: 0.2.0
  checksum: 4c197edb8280fd9bb49db060aa7519ce29c8ae979fafa1c94a56ad0e067dc9da86079f0af0cebeead5b6ea7c0629144830009c28f415e19d0ccd20ddbdb310b7
  languageName: node
  linkType: hard

"util.promisify@npm:~1.0.0":
  version: 1.0.0
  resolution: "util.promisify@npm:1.0.0"
  dependencies:
    define-properties: ^1.1.2
    object.getownpropertydescriptors: ^2.0.3
  checksum: 0dffbe1af61c9c034b5e7b411461e46c17c788d855fb02bcbf96cd0f603c086eb83160a3c878c4d69bede9a42118a7ce2b3cc05ed5a235e1c1c04c93bd5608e7
  languageName: node
  linkType: hard

"uuid@npm:^3.3.2":
  version: 3.3.3
  resolution: "uuid@npm:3.3.3"
  bin:
    uuid: ./bin/uuid
  checksum: bc03fc22456bdb24c0c9e47028fe1f11f8229184794f41e8792170ff0afed6a56443ce3ac52a2d4b06cd1f1114f16b4d881711a5d63651f2236de9f3b7d781f5
  languageName: node
  linkType: hard

"xml2js@npm:^0.4.19":
  version: 0.4.22
  resolution: "xml2js@npm:0.4.22"
  dependencies:
    sax: ">=0.6.0"
    util.promisify: ~1.0.0
    xmlbuilder: ~11.0.0
  checksum: ddfbedef5b79297f4174090b152d33e16577f9f749093748f8d88b412a4a7279d2c4733cd36a7dc6b5a4db7612721daf533ab780f21a276b844915e1d1bd1cb7
  languageName: node
  linkType: hard

"xmlbuilder@npm:~11.0.0":
  version: 11.0.1
  resolution: "xmlbuilder@npm:11.0.1"
  checksum: 8f479b28b5897d903dc514c45c54c869b2f798c0eb44b11e35f7d6e3e631fb9d7aaaec6b9db6b92b715b4ded00d9d8ed8c08e9fd7e2a5f220b14b7b54403fa10
  languageName: node
  linkType: hard

"yarn-workspace-tools@workspace:.":
  version: 0.0.0-use.local
  resolution: "yarn-workspace-tools@workspace:."
  languageName: unknown
  linkType: soft
